
Microsoft Visual Studio Solution File, Format Version 12.00
# Visual Studio Version 17
VisualStudioVersion = 17.7.34031.279
MinimumVisualStudioVersion = 10.0.40219.1
Project("{FAE04EC0-301F-11D3-BF4B-00C04F79EFBC}") = "Module14.practice", "Module14.practice\Module14.practice.csproj", "{DC023F8D-FB3E-4D84-9DA4-E28E7CA2D28B}"
EndProject
Global
	GlobalSection(SolutionConfigurationPlatforms) = preSolution
		Debug|Any CPU = Debug|Any CPU
		Release|Any CPU = Release|Any CPU
	EndGlobalSection
	GlobalSection(ProjectConfigurationPlatforms) = postSolution
		{DC023F8D-FB3E-4D84-9DA4-E28E7CA2D28B}.Debug|Any CPU.ActiveCfg = Debug|Any CPU
		{DC023F8D-FB3E-4D84-9DA4-E28E7CA2D28B}.Debug|Any CPU.Build.0 = Debug|Any CPU
		{DC023F8D-FB3E-4D84-9DA4-E28E7CA2D28B}.Release|Any CPU.ActiveCfg = Release|Any CPU
		{DC023F8D-FB3E-4D84-9DA4-E28E7CA2D28B}.Release|Any CPU.Build.0 = Release|Any CPU
	EndGlobalSection
	GlobalSection(SolutionProperties) = preSolution
		HideSolutionNode = FALSE
	EndGlobalSection
	GlobalSection(ExtensibilityGlobals) = postSolution
		SolutionGuid = {616DB386-41A7-4C8C-90AF-D483DAAA0C58}
	EndGlobalSection
EndGlobal
